
Microsoft Visual Studio Solution File, Format Version 12.00
# Visual Studio Version 17
VisualStudioVersion = 17.5.33530.505
MinimumVisualStudioVersion = 10.0.40219.1
Project("{9A19103F-16F7-4668-BE54-9A1E7A4F7556}") = "O", "O\O.csproj", "{12D49805-6642-41B2-B59F-63F2C3427B53}"
EndProject
Project("{9A19103F-16F7-4668-BE54-9A1E7A4F7556}") = "L", "L\L.csproj", "{01211A0B-903E-424E-8D43-5A1D0B4E230D}"
EndProject
Project("{9A19103F-16F7-4668-BE54-9A1E7A4F7556}") = "I", "I\I.csproj", "{1C6A1A34-1D17-493B-9238-59C7090027BF}"
EndProject
Project("{9A19103F-16F7-4668-BE54-9A1E7A4F7556}") = "S", "S\S.csproj", "{D66D9B25-91D9-4221-BEEE-275C60B56121}"
EndProject
Project("{9A19103F-16F7-4668-BE54-9A1E7A4F7556}") = "D", "D\D.csproj", "{178E340C-6DB0-4042-8F41-5639CFFD9932}"
EndProject
Global
	GlobalSection(SolutionConfigurationPlatforms) = preSolution
		Debug|Any CPU = Debug|Any CPU
		Release|Any CPU = Release|Any CPU
	EndGlobalSection
	GlobalSection(ProjectConfigurationPlatforms) = postSolution
		{12D49805-6642-41B2-B59F-63F2C3427B53}.Debug|Any CPU.ActiveCfg = Debug|Any CPU
		{12D49805-6642-41B2-B59F-63F2C3427B53}.Debug|Any CPU.Build.0 = Debug|Any CPU
		{12D49805-6642-41B2-B59F-63F2C3427B53}.Release|Any CPU.ActiveCfg = Release|Any CPU
		{12D49805-6642-41B2-B59F-63F2C3427B53}.Release|Any CPU.Build.0 = Release|Any CPU
		{01211A0B-903E-424E-8D43-5A1D0B4E230D}.Debug|Any CPU.ActiveCfg = Debug|Any CPU
		{01211A0B-903E-424E-8D43-5A1D0B4E230D}.Debug|Any CPU.Build.0 = Debug|Any CPU
		{01211A0B-903E-424E-8D43-5A1D0B4E230D}.Release|Any CPU.ActiveCfg = Release|Any CPU
		{01211A0B-903E-424E-8D43-5A1D0B4E230D}.Release|Any CPU.Build.0 = Release|Any CPU
		{1C6A1A34-1D17-493B-9238-59C7090027BF}.Debug|Any CPU.ActiveCfg = Debug|Any CPU
		{1C6A1A34-1D17-493B-9238-59C7090027BF}.Debug|Any CPU.Build.0 = Debug|Any CPU
		{1C6A1A34-1D17-493B-9238-59C7090027BF}.Release|Any CPU.ActiveCfg = Release|Any CPU
		{1C6A1A34-1D17-493B-9238-59C7090027BF}.Release|Any CPU.Build.0 = Release|Any CPU
		{D66D9B25-91D9-4221-BEEE-275C60B56121}.Debug|Any CPU.ActiveCfg = Debug|Any CPU
		{D66D9B25-91D9-4221-BEEE-275C60B56121}.Debug|Any CPU.Build.0 = Debug|Any CPU
		{D66D9B25-91D9-4221-BEEE-275C60B56121}.Release|Any CPU.ActiveCfg = Release|Any CPU
		{D66D9B25-91D9-4221-BEEE-275C60B56121}.Release|Any CPU.Build.0 = Release|Any CPU
		{178E340C-6DB0-4042-8F41-5639CFFD9932}.Debug|Any CPU.ActiveCfg = Debug|Any CPU
		{178E340C-6DB0-4042-8F41-5639CFFD9932}.Debug|Any CPU.Build.0 = Debug|Any CPU
		{178E340C-6DB0-4042-8F41-5639CFFD9932}.Release|Any CPU.ActiveCfg = Release|Any CPU
		{178E340C-6DB0-4042-8F41-5639CFFD9932}.Release|Any CPU.Build.0 = Release|Any CPU
	EndGlobalSection
	GlobalSection(SolutionProperties) = preSolution
		HideSolutionNode = FALSE
	EndGlobalSection
	GlobalSection(ExtensibilityGlobals) = postSolution
		SolutionGuid = {48F2CBF1-85EC-4644-A4CD-355A1FE8D82A}
	EndGlobalSection
EndGlobal
